
Microsoft Visual Studio Solution File, Format Version 12.00
# Visual Studio 2013
VisualStudioVersion = 12.0.21005.1
MinimumVisualStudioVersion = 10.0.40219.1
Project("{FAE04EC0-301F-11D3-BF4B-00C04F79EFBC}") = "HemmingApp", "HemmingApp\HemmingApp.csproj", "{6F21100C-7F3E-482A-997C-CCDAC5E112D9}"
EndProject
Project("{FAE04EC0-301F-11D3-BF4B-00C04F79EFBC}") = "VarshamovApp", "VarshamovApp\VarshamovApp.csproj", "{3275E917-DDC4-48DD-9A27-41EF39C3AD77}"
EndProject
Global
	GlobalSection(SolutionConfigurationPlatforms) = preSolution
		Debug|Any CPU = Debug|Any CPU
		Release|Any CPU = Release|Any CPU
	EndGlobalSection
	GlobalSection(ProjectConfigurationPlatforms) = postSolution
		{6F21100C-7F3E-482A-997C-CCDAC5E112D9}.Debug|Any CPU.ActiveCfg = Debug|Any CPU
		{6F21100C-7F3E-482A-997C-CCDAC5E112D9}.Debug|Any CPU.Build.0 = Debug|Any CPU
		{6F21100C-7F3E-482A-997C-CCDAC5E112D9}.Release|Any CPU.ActiveCfg = Release|Any CPU
		{6F21100C-7F3E-482A-997C-CCDAC5E112D9}.Release|Any CPU.Build.0 = Release|Any CPU
		{3275E917-DDC4-48DD-9A27-41EF39C3AD77}.Debug|Any CPU.ActiveCfg = Debug|Any CPU
		{3275E917-DDC4-48DD-9A27-41EF39C3AD77}.Debug|Any CPU.Build.0 = Debug|Any CPU
		{3275E917-DDC4-48DD-9A27-41EF39C3AD77}.Release|Any CPU.ActiveCfg = Release|Any CPU
		{3275E917-DDC4-48DD-9A27-41EF39C3AD77}.Release|Any CPU.Build.0 = Release|Any CPU
	EndGlobalSection
	GlobalSection(SolutionProperties) = preSolution
		HideSolutionNode = FALSE
	EndGlobalSection
EndGlobal
